
Microsoft Visual Studio Solution File, Format Version 12.00
Project("{FAE04EC0-301F-11D3-BF4B-00C04F79EFBC}") = "Timer", "Timer\Timer.csproj", "{108D98CD-196E-4C66-935B-AC31D6694C13}"
EndProject
Global
	GlobalSection(SolutionConfigurationPlatforms) = preSolution
		Debug|Any CPU = Debug|Any CPU
		Release|Any CPU = Release|Any CPU
	EndGlobalSection
	GlobalSection(ProjectConfigurationPlatforms) = postSolution
		{108D98CD-196E-4C66-935B-AC31D6694C13}.Debug|Any CPU.ActiveCfg = Debug|Any CPU
		{108D98CD-196E-4C66-935B-AC31D6694C13}.Debug|Any CPU.Build.0 = Debug|Any CPU
		{108D98CD-196E-4C66-935B-AC31D6694C13}.Release|Any CPU.ActiveCfg = Release|Any CPU
		{108D98CD-196E-4C66-935B-AC31D6694C13}.Release|Any CPU.Build.0 = Release|Any CPU
	EndGlobalSection
EndGlobal
